// !$*UTF8*$!
{
	archiveVersion = 1;
	classes = {
	};
	objectVersion = 50;
	objects = {

/* Begin PBXBuildFile section */
		C646CFC524FFD362008285D8 /* AppDelegate.swift in Sources */ = {isa = PBXBuildFile; fileRef = C646CFC424FFD362008285D8 /* AppDelegate.swift */; };
		C646CFC724FFD362008285D8 /* SceneDelegate.swift in Sources */ = {isa = PBXBuildFile; fileRef = C646CFC624FFD362008285D8 /* SceneDelegate.swift */; };
		C646CFC924FFD362008285D8 /* ContentView.swift in Sources */ = {isa = PBXBuildFile; fileRef = C646CFC824FFD362008285D8 /* ContentView.swift */; };
		C646CFCB24FFD367008285D8 /* Assets.xcassets in Resources */ = {isa = PBXBuildFile; fileRef = C646CFCA24FFD367008285D8 /* Assets.xcassets */; };
		C646CFCE24FFD367008285D8 /* Preview Assets.xcassets in Resources */ = {isa = PBXBuildFile; fileRef = C646CFCD24FFD367008285D8 /* Preview Assets.xcassets */; };
		C646CFD124FFD367008285D8 /* LaunchScreen.storyboard in Resources */ = {isa = PBXBuildFile; fileRef = C646CFCF24FFD367008285D8 /* LaunchScreen.storyboard */; };
		C646CFD924FFF7C1008285D8 /* MemoryGame.swift in Sources */ = {isa = PBXBuildFile; fileRef = C646CFD824FFF7C1008285D8 /* MemoryGame.swift */; };
		C646CFDB24FFFB00008285D8 /* EmojiMemoryGame.swift in Sources */ = {isa = PBXBuildFile; fileRef = C646CFDA24FFFB00008285D8 /* EmojiMemoryGame.swift */; };
		C646CFDD25014C12008285D8 /* GridView.swift in Sources */ = {isa = PBXBuildFile; fileRef = C646CFDC25014C12008285D8 /* GridView.swift */; };
		C646CFDF250152CE008285D8 /* GridLayout.swift in Sources */ = {isa = PBXBuildFile; fileRef = C646CFDE250152CE008285D8 /* GridLayout.swift */; };
		C646CFE1250655D4008285D8 /* Extensions.swift in Sources */ = {isa = PBXBuildFile; fileRef = C646CFE0250655D4008285D8 /* Extensions.swift */; };
		E7363CBB252CE2B80089EFC1 /* Pie.swift in Sources */ = {isa = PBXBuildFile; fileRef = E7363CBA252CE2B80089EFC1 /* Pie.swift */; };
		E7363CBF252CEBDE0089EFC1 /* Cardify.swift in Sources */ = {isa = PBXBuildFile; fileRef = E7363CBE252CEBDE0089EFC1 /* Cardify.swift */; };
		E7363CC1252DD4080089EFC1 /* Theme.swift in Sources */ = {isa = PBXBuildFile; fileRef = E7363CC0252DD4080089EFC1 /* Theme.swift */; };
/* End PBXBuildFile section */

/* Begin PBXFileReference section */
		C646CFC124FFD362008285D8 /* MemorizationGame.app */ = {isa = PBXFileReference; explicitFileType = wrapper.application; includeInIndex = 0; path = MemorizationGame.app; sourceTree = BUILT_PRODUCTS_DIR; };
		C646CFC424FFD362008285D8 /* AppDelegate.swift */ = {isa = PBXFileReference; lastKnownFileType = sourcecode.swift; path = AppDelegate.swift; sourceTree = "<group>"; };
		C646CFC624FFD362008285D8 /* SceneDelegate.swift */ = {isa = PBXFileReference; lastKnownFileType = sourcecode.swift; path = SceneDelegate.swift; sourceTree = "<group>"; };
		C646CFC824FFD362008285D8 /* ContentView.swift */ = {isa = PBXFileReference; lastKnownFileType = sourcecode.swift; path = ContentView.swift; sourceTree = "<group>"; };
		C646CFCA24FFD367008285D8 /* Assets.xcassets */ = {isa = PBXFileReference; lastKnownFileType = folder.assetcatalog; path = Assets.xcassets; sourceTree = "<group>"; };
		C646CFCD24FFD367008285D8 /* Preview Assets.xcassets */ = {isa = PBXFileReference; lastKnownFileType = folder.assetcatalog; path = "Preview Assets.xcassets"; sourceTree = "<group>"; };
		C646CFD024FFD367008285D8 /* Base */ = {isa = PBXFileReference; lastKnownFileType = file.storyboard; name = Base; path = Base.lproj/LaunchScreen.storyboard; sourceTree = "<group>"; };
		C646CFD224FFD367008285D8 /* Info.plist */ = {isa = PBXFileReference; lastKnownFileType = text.plist.xml; path = Info.plist; sourceTree = "<group>"; };
		C646CFD824FFF7C1008285D8 /* MemoryGame.swift */ = {isa = PBXFileReference; lastKnownFileType = sourcecode.swift; path = MemoryGame.swift; sourceTree = "<group>"; };
		C646CFDA24FFFB00008285D8 /* EmojiMemoryGame.swift */ = {isa = PBXFileReference; lastKnownFileType = sourcecode.swift; path = EmojiMemoryGame.swift; sourceTree = "<group>"; };
		C646CFDC25014C12008285D8 /* GridView.swift */ = {isa = PBXFileReference; lastKnownFileType = sourcecode.swift; path = GridView.swift; sourceTree = "<group>"; };
		C646CFDE250152CE008285D8 /* GridLayout.swift */ = {isa = PBXFileReference; fileEncoding = 4; lastKnownFileType = sourcecode.swift; path = GridLayout.swift; sourceTree = "<group>"; };
		C646CFE0250655D4008285D8 /* Extensions.swift */ = {isa = PBXFileReference; lastKnownFileType = sourcecode.swift; path = Extensions.swift; sourceTree = "<group>"; };
		E7363CBA252CE2B80089EFC1 /* Pie.swift */ = {isa = PBXFileReference; lastKnownFileType = sourcecode.swift; path = Pie.swift; sourceTree = "<group>"; };
		E7363CBE252CEBDE0089EFC1 /* Cardify.swift */ = {isa = PBXFileReference; lastKnownFileType = sourcecode.swift; path = Cardify.swift; sourceTree = "<group>"; };
		E7363CC0252DD4080089EFC1 /* Theme.swift */ = {isa = PBXFileReference; lastKnownFileType = sourcecode.swift; path = Theme.swift; sourceTree = "<group>"; };
/* End PBXFileReference section */

/* Begin PBXFrameworksBuildPhase section */
		C646CFBE24FFD362008285D8 /* Frameworks */ = {
			isa = PBXFrameworksBuildPhase;
			buildActionMask = 2147483647;
			files = (
			);
			runOnlyForDeploymentPostprocessing = 0;
		};
/* End PBXFrameworksBuildPhase section */

/* Begin PBXGroup section */
		C646CFB824FFD362008285D8 = {
			isa = PBXGroup;
			children = (
				C646CFC324FFD362008285D8 /* MemorizationGame */,
				C646CFC224FFD362008285D8 /* Products */,
			);
			sourceTree = "<group>";
		};
		C646CFC224FFD362008285D8 /* Products */ = {
			isa = PBXGroup;
			children = (
				C646CFC124FFD362008285D8 /* MemorizationGame.app */,
			);
			name = Products;
			sourceTree = "<group>";
		};
		C646CFC324FFD362008285D8 /* MemorizationGame */ = {
			isa = PBXGroup;
			children = (
				E7363CC7252DD4AE0089EFC1 /* Entities */,
				E7363CC6252DD4A40089EFC1 /* ViewModel */,
				E7363CC5252DD4970089EFC1 /* Model */,
				E7363CC4252DD4810089EFC1 /* Utils */,
				E7363CC3252DD42E0089EFC1 /* EssentialFies */,
				E7363CC2252DD41A0089EFC1 /* Views */,
				C646CFCA24FFD367008285D8 /* Assets.xcassets */,
				C646CFCF24FFD367008285D8 /* LaunchScreen.storyboard */,
				C646CFD224FFD367008285D8 /* Info.plist */,
				C646CFCC24FFD367008285D8 /* Preview Content */,
			);
			path = MemorizationGame;
			sourceTree = "<group>";
		};
		C646CFCC24FFD367008285D8 /* Preview Content */ = {
			isa = PBXGroup;
			children = (
				C646CFCD24FFD367008285D8 /* Preview Assets.xcassets */,
			);
			path = "Preview Content";
			sourceTree = "<group>";
		};
		E7363CC2252DD41A0089EFC1 /* Views */ = {
			isa = PBXGroup;
			children = (
				E7363CBA252CE2B80089EFC1 /* Pie.swift */,
				C646CFDC25014C12008285D8 /* GridView.swift */,
				C646CFDE250152CE008285D8 /* GridLayout.swift */,
				C646CFC824FFD362008285D8 /* ContentView.swift */,
				E7363CBE252CEBDE0089EFC1 /* Cardify.swift */,
			);
			path = Views;
			sourceTree = "<group>";
		};
		E7363CC3252DD42E0089EFC1 /* EssentialFies */ = {
			isa = PBXGroup;
			children = (
				C646CFC424FFD362008285D8 /* AppDelegate.swift */,
				C646CFC624FFD362008285D8 /* SceneDelegate.swift */,
			);
			path = EssentialFies;
			sourceTree = "<group>";
		};
		E7363CC4252DD4810089EFC1 /* Utils */ = {
			isa = PBXGroup;
			children = (
				C646CFE0250655D4008285D8 /* Extensions.swift */,
			);
			path = Utils;
			sourceTree = "<group>";
		};
		E7363CC5252DD4970089EFC1 /* Model */ = {
			isa = PBXGroup;
			children = (
				C646CFD824FFF7C1008285D8 /* MemoryGame.swift */,
			);
			path = Model;
			sourceTree = "<group>";
		};
		E7363CC6252DD4A40089EFC1 /* ViewModel */ = {
			isa = PBXGroup;
			children = (
				C646CFDA24FFFB00008285D8 /* EmojiMemoryGame.swift */,
			);
			path = ViewModel;
			sourceTree = "<group>";
		};
		E7363CC7252DD4AE0089EFC1 /* Entities */ = {
			isa = PBXGroup;
			children = (
				E7363CC0252DD4080089EFC1 /* Theme.swift */,
			);
			path = Entities;
			sourceTree = "<group>";
		};
/* End PBXGroup section */

/* Begin PBXNativeTarget section */
		C646CFC024FFD362008285D8 /* MemorizationGame */ = {
			isa = PBXNativeTarget;
			buildConfigurationList = C646CFD524FFD367008285D8 /* Build configuration list for PBXNativeTarget "MemorizationGame" */;
			buildPhases = (
				C646CFBD24FFD362008285D8 /* Sources */,
				C646CFBE24FFD362008285D8 /* Frameworks */,
				C646CFBF24FFD362008285D8 /* Resources */,
			);
			buildRules = (
			);
			dependencies = (
			);
			name = MemorizationGame;
			productName = MemorizationGame;
			productReference = C646CFC124FFD362008285D8 /* MemorizationGame.app */;
			productType = "com.apple.product-type.application";
		};
/* End PBXNativeTarget section */

/* Begin PBXProject section */
		C646CFB924FFD362008285D8 /* Project object */ = {
			isa = PBXProject;
			attributes = {
				LastSwiftUpdateCheck = 1160;
				LastUpgradeCheck = 1160;
				ORGANIZATIONNAME = "Yahya Ewida";
				TargetAttributes = {
					C646CFC024FFD362008285D8 = {
						CreatedOnToolsVersion = 11.6;
					};
				};
			};
			buildConfigurationList = C646CFBC24FFD362008285D8 /* Build configuration list for PBXProject "MemorizationGame" */;
			compatibilityVersion = "Xcode 9.3";
			developmentRegion = en;
			hasScannedForEncodings = 0;
			knownRegions = (
				en,
				Base,
			);
			mainGroup = C646CFB824FFD362008285D8;
			productRefGroup = C646CFC224FFD362008285D8 /* Products */;
			projectDirPath = "";
			projectRoot = "";
			targets = (
				C646CFC024FFD362008285D8 /* MemorizationGame */,
			);
		};
/* End PBXProject section */

/* Begin PBXResourcesBuildPhase section */
		C646CFBF24FFD362008285D8 /* Resources */ = {
			isa = PBXResourcesBuildPhase;
			buildActionMask = 2147483647;
			files = (
				C646CFD124FFD367008285D8 /* LaunchScreen.storyboard in Resources */,
				C646CFCE24FFD367008285D8 /* Preview Assets.xcassets in Resources */,
				C646CFCB24FFD367008285D8 /* Assets.xcassets in Resources */,
			);
			runOnlyForDeploymentPostprocessing = 0;
		};
/* End PBXResourcesBuildPhase section */

/* Begin PBXSourcesBuildPhase section */
		C646CFBD24FFD362008285D8 /* Sources */ = {
			isa = PBXSourcesBuildPhase;
			buildActionMask = 2147483647;
			files = (
				C646CFDD25014C12008285D8 /* GridView.swift in Sources */,
				C646CFC524FFD362008285D8 /* AppDelegate.swift in Sources */,
				C646CFC724FFD362008285D8 /* SceneDelegate.swift in Sources */,
				E7363CBB252CE2B80089EFC1 /* Pie.swift in Sources */,
				E7363CC1252DD4080089EFC1 /* Theme.swift in Sources */,
				C646CFE1250655D4008285D8 /* Extensions.swift in Sources */,
				C646CFD924FFF7C1008285D8 /* MemoryGame.swift in Sources */,
				C646CFC924FFD362008285D8 /* ContentView.swift in Sources */,
				C646CFDF250152CE008285D8 /* GridLayout.swift in Sources */,
				E7363CBF252CEBDE0089EFC1 /* Cardify.swift in Sources */,
				C646CFDB24FFFB00008285D8 /* EmojiMemoryGame.swift in Sources */,
			);
			runOnlyForDeploymentPostprocessing = 0;
		};
/* End PBXSourcesBuildPhase section */

/* Begin PBXVariantGroup section */
		C646CFCF24FFD367008285D8 /* LaunchScreen.storyboard */ = {
			isa = PBXVariantGroup;
			children = (
				C646CFD024FFD367008285D8 /* Base */,
			);
			name = LaunchScreen.storyboard;
			sourceTree = "<group>";
		};
/* End PBXVariantGroup section */

/* Begin XCBuildConfiguration section */
		C646CFD324FFD367008285D8 /* Debug */ = {
			isa = XCBuildConfiguration;
			buildSettings = {
				ALWAYS_SEARCH_USER_PATHS = NO;
				CLANG_ANALYZER_NONNULL = YES;
				CLANG_ANALYZER_NUMBER_OBJECT_CONVERSION = YES_AGGRESSIVE;
				CLANG_CXX_LANGUAGE_STANDARD = "gnu++14";
				CLANG_CXX_LIBRARY = "libc++";
				CLANG_ENABLE_MODULES = YES;
				CLANG_ENABLE_OBJC_ARC = YES;
				CLANG_ENABLE_OBJC_WEAK = YES;
				CLANG_WARN_BLOCK_CAPTURE_AUTORELEASING = YES;
				CLANG_WARN_BOOL_CONVERSION = YES;
				CLANG_WARN_COMMA = YES;
				CLANG_WARN_CONSTANT_CONVERSION = YES;
				CLANG_WARN_DEPRECATED_OBJC_IMPLEMENTATIONS = YES;
				CLANG_WARN_DIRECT_OBJC_ISA_USAGE = YES_ERROR;
				CLANG_WARN_DOCUMENTATION_COMMENTS = YES;
				CLANG_WARN_EMPTY_BODY = YES;
				CLANG_WARN_ENUM_CONVERSION = YES;
				CLANG_WARN_INFINITE_RECURSION = YES;
				CLANG_WARN_INT_CONVERSION = YES;
				CLANG_WARN_NON_LITERAL_NULL_CONVERSION = YES;
				CLANG_WARN_OBJC_IMPLICIT_RETAIN_SELF = YES;
				CLANG_WARN_OBJC_LITERAL_CONVERSION = YES;
				CLANG_WARN_OBJC_ROOT_CLASS = YES_ERROR;
				CLANG_WARN_RANGE_LOOP_ANALYSIS = YES;
				CLANG_WARN_STRICT_PROTOTYPES = YES;
				CLANG_WARN_SUSPICIOUS_MOVE = YES;
				CLANG_WARN_UNGUARDED_AVAILABILITY = YES_AGGRESSIVE;
				CLANG_WARN_UNREACHABLE_CODE = YES;
				CLANG_WARN__DUPLICATE_METHOD_MATCH = YES;
				COPY_PHASE_STRIP = NO;
				DEBUG_INFORMATION_FORMAT = dwarf;
				ENABLE_STRICT_OBJC_MSGSEND = YES;
				ENABLE_TESTABILITY = YES;
				GCC_C_LANGUAGE_STANDARD = gnu11;
				GCC_DYNAMIC_NO_PIC = NO;
				GCC_NO_COMMON_BLOCKS = YES;
				GCC_OPTIMIZATION_LEVEL = 0;
				GCC_PREPROCESSOR_DEFINITIONS = (
					"DEBUG=1",
					"$(inherited)",
				);
				GCC_WARN_64_TO_32_BIT_CONVERSION = YES;
				GCC_WARN_ABOUT_RETURN_TYPE = YES_ERROR;
				GCC_WARN_UNDECLARED_SELECTOR = YES;
				GCC_WARN_UNINITIALIZED_AUTOS = YES_AGGRESSIVE;
				GCC_WARN_UNUSED_FUNCTION = YES;
				GCC_WARN_UNUSED_VARIABLE = YES;
				IPHONEOS_DEPLOYMENT_TARGET = 13.6;
				MTL_ENABLE_DEBUG_INFO = INCLUDE_SOURCE;
				MTL_FAST_MATH = YES;
				ONLY_ACTIVE_ARCH = YES;
				SDKROOT = iphoneos;
				SWIFT_ACTIVE_COMPILATION_CONDITIONS = DEBUG;
				SWIFT_OPTIMIZATION_LEVEL = "-Onone";
			};
			name = Debug;
		};
		C646CFD424FFD367008285D8 /* Release */ = {
			isa = XCBuildConfiguration;
			buildSettings = {
				ALWAYS_SEARCH_USER_PATHS = NO;
				CLANG_ANALYZER_NONNULL = YES;
				CLANG_ANALYZER_NUMBER_OBJECT_CONVERSION = YES_AGGRESSIVE;
				CLANG_CXX_LANGUAGE_STANDARD = "gnu++14";
				CLANG_CXX_LIBRARY = "libc++";
				CLANG_ENABLE_MODULES = YES;
				CLANG_ENABLE_OBJC_ARC = YES;
				CLANG_ENABLE_OBJC_WEAK = YES;
				CLANG_WARN_BLOCK_CAPTURE_AUTORELEASING = YES;
				CLANG_WARN_BOOL_CONVERSION = YES;
				CLANG_WARN_COMMA = YES;
				CLANG_WARN_CONSTANT_CONVERSION = YES;
				CLANG_WARN_DEPRECATED_OBJC_IMPLEMENTATIONS = YES;
				CLANG_WARN_DIRECT_OBJC_ISA_USAGE = YES_ERROR;
				CLANG_WARN_DOCUMENTATION_COMMENTS = YES;
				CLANG_WARN_EMPTY_BODY = YES;
				CLANG_WARN_ENUM_CONVERSION = YES;
				CLANG_WARN_INFINITE_RECURSION = YES;
				CLANG_WARN_INT_CONVERSION = YES;
				CLANG_WARN_NON_LITERAL_NULL_CONVERSION = YES;
				CLANG_WARN_OBJC_IMPLICIT_RETAIN_SELF = YES;
				CLANG_WARN_OBJC_LITERAL_CONVERSION = YES;
				CLANG_WARN_OBJC_ROOT_CLASS = YES_ERROR;
				CLANG_WARN_RANGE_LOOP_ANALYSIS = YES;
				CLANG_WARN_STRICT_PROTOTYPES = YES;
				CLANG_WARN_SUSPICIOUS_MOVE = YES;
				CLANG_WARN_UNGUARDED_AVAILABILITY = YES_AGGRESSIVE;
				CLANG_WARN_UNREACHABLE_CODE = YES;
				CLANG_WARN__DUPLICATE_METHOD_MATCH = YES;
				COPY_PHASE_STRIP = NO;
				DEBUG_INFORMATION_FORMAT = "dwarf-with-dsym";
				ENABLE_NS_ASSERTIONS = NO;
				ENABLE_STRICT_OBJC_MSGSEND = YES;
				GCC_C_LANGUAGE_STANDARD = gnu11;
				GCC_NO_COMMON_BLOCKS = YES;
				GCC_WARN_64_TO_32_BIT_CONVERSION = YES;
				GCC_WARN_ABOUT_RETURN_TYPE = YES_ERROR;
				GCC_WARN_UNDECLARED_SELECTOR = YES;
				GCC_WARN_UNINITIALIZED_AUTOS = YES_AGGRESSIVE;
				GCC_WARN_UNUSED_FUNCTION = YES;
				GCC_WARN_UNUSED_VARIABLE = YES;
				IPHONEOS_DEPLOYMENT_TARGET = 13.6;
				MTL_ENABLE_DEBUG_INFO = NO;
				MTL_FAST_MATH = YES;
				SDKROOT = iphoneos;
				SWIFT_COMPILATION_MODE = wholemodule;
				SWIFT_OPTIMIZATION_LEVEL = "-O";
				VALIDATE_PRODUCT = YES;
			};
			name = Release;
		};
		C646CFD624FFD367008285D8 /* Debug */ = {
			isa = XCBuildConfiguration;
			buildSettings = {
				ASSETCATALOG_COMPILER_APPICON_NAME = AppIcon;
				CODE_SIGN_STYLE = Automatic;
				DEVELOPMENT_ASSET_PATHS = "\"MemorizationGame/Preview Content\"";
				ENABLE_PREVIEWS = YES;
				INFOPLIST_FILE = MemorizationGame/Info.plist;
				LD_RUNPATH_SEARCH_PATHS = (
					"$(inherited)",
					"@executable_path/Frameworks",
				);
				PRODUCT_BUNDLE_IDENTIFIER = com.yahya.MemorizationGame;
				PRODUCT_NAME = "$(TARGET_NAME)";
				SWIFT_VERSION = 5.0;
				TARGETED_DEVICE_FAMILY = "1,2";
			};
			name = Debug;
		};
		C646CFD724FFD367008285D8 /* Release */ = {
			isa = XCBuildConfiguration;
			buildSettings = {
				ASSETCATALOG_COMPILER_APPICON_NAME = AppIcon;
				CODE_SIGN_STYLE = Automatic;
				DEVELOPMENT_ASSET_PATHS = "\"MemorizationGame/Preview Content\"";
				ENABLE_PREVIEWS = YES;
				INFOPLIST_FILE = MemorizationGame/Info.plist;
				LD_RUNPATH_SEARCH_PATHS = (
					"$(inherited)",
					"@executable_path/Frameworks",
				);
				PRODUCT_BUNDLE_IDENTIFIER = com.yahya.MemorizationGame;
				PRODUCT_NAME = "$(TARGET_NAME)";
				SWIFT_VERSION = 5.0;
				TARGETED_DEVICE_FAMILY = "1,2";
			};
			name = Release;
		};
/* End XCBuildConfiguration section */

/* Begin XCConfigurationList section */
		C646CFBC24FFD362008285D8 /* Build configuration list for PBXProject "MemorizationGame" */ = {
			isa = XCConfigurationList;
			buildConfigurations = (
				C646CFD324FFD367008285D8 /* Debug */,
				C646CFD424FFD367008285D8 /* Release */,
			);
			defaultConfigurationIsVisible = 0;
			defaultConfigurationName = Release;
		};
		C646CFD524FFD367008285D8 /* Build configuration list for PBXNativeTarget "MemorizationGame" */ = {
			isa = XCConfigurationList;
			buildConfigurations = (
				C646CFD624FFD367008285D8 /* Debug */,
				C646CFD724FFD367008285D8 /* Release */,
			);
			defaultConfigurationIsVisible = 0;
			defaultConfigurationName = Release;
		};
/* End XCConfigurationList section */
	};
	rootObject = C646CFB924FFD362008285D8 /* Project object */;
}
